
Microsoft Visual Studio Solution File, Format Version 12.00
# Visual Studio Version 17
VisualStudioVersion = 17.11.35327.3
MinimumVisualStudioVersion = 10.0.40219.1
Project("{FAE04EC0-301F-11D3-BF4B-00C04F79EFBC}") = "szamologep", "szamologep\szamologep.csproj", "{CBF179DF-035F-4F6B-9C15-8F2FDA3E4E66}"
EndProject
Global
	GlobalSection(SolutionConfigurationPlatforms) = preSolution
		Debug|Any CPU = Debug|Any CPU
		Release|Any CPU = Release|Any CPU
	EndGlobalSection
	GlobalSection(ProjectConfigurationPlatforms) = postSolution
		{CBF179DF-035F-4F6B-9C15-8F2FDA3E4E66}.Debug|Any CPU.ActiveCfg = Debug|Any CPU
		{CBF179DF-035F-4F6B-9C15-8F2FDA3E4E66}.Debug|Any CPU.Build.0 = Debug|Any CPU
		{CBF179DF-035F-4F6B-9C15-8F2FDA3E4E66}.Release|Any CPU.ActiveCfg = Release|Any CPU
		{CBF179DF-035F-4F6B-9C15-8F2FDA3E4E66}.Release|Any CPU.Build.0 = Release|Any CPU
	EndGlobalSection
	GlobalSection(SolutionProperties) = preSolution
		HideSolutionNode = FALSE
	EndGlobalSection
	GlobalSection(ExtensibilityGlobals) = postSolution
		SolutionGuid = {3DA11FA7-7ED4-48CC-892B-693240DB0E43}
	EndGlobalSection
EndGlobal
